{
  "lockfile_version": "1",
  "packages": {
    "bosh-cli@latest": {
      "last_modified": "2025-11-25T14:41:04Z",
      "resolved": "github:NixOS/nixpkgs/dc205f7b4fdb04c8b7877b43edb7b73be7730081#bosh-cli",
      "source": "devbox-search",
      "version": "7.9.14",
      "systems": {
        "aarch64-darwin": {
          "outputs": [
            {
              "name": "out",
              "path": "/nix/store/mzz53frzirgz02y6fcf48qyy02b9shv0-bosh-cli-7.9.14",
              "default": true
            }
          ],
          "store_path": "/nix/store/mzz53frzirgz02y6fcf48qyy02b9shv0-bosh-cli-7.9.14"
        },
        "aarch64-linux": {
          "outputs": [
            {
              "name": "out",
              "path": "/nix/store/pbxswbk6z8avf8ryw85h41n0cvzbnnwk-bosh-cli-7.9.14",
              "default": true
            }
          ],
          "store_path": "/nix/store/pbxswbk6z8avf8ryw85h41n0cvzbnnwk-bosh-cli-7.9.14"
        },
        "x86_64-darwin": {
          "outputs": [
            {
              "name": "out",
              "path": "/nix/store/sf4bpskgihy3pkk5m6z46drpz9khn7p6-bosh-cli-7.9.14",
              "default": true
            }
          ],
          "store_path": "/nix/store/sf4bpskgihy3pkk5m6z46drpz9khn7p6-bosh-cli-7.9.14"
        },
        "x86_64-linux": {
          "outputs": [
            {
              "name": "out",
              "path": "/nix/store/0bh3gwfiq8j3qzwqk5lqn02p3rlz8q2v-bosh-cli-7.9.14",
              "default": true
            }
          ],
          "store_path": "/nix/store/0bh3gwfiq8j3qzwqk5lqn02p3rlz8q2v-bosh-cli-7.9.14"
        }
      }
    },
    "docker@latest": {
      "last_modified": "2025-12-11T04:04:52Z",
      "resolved": "github:NixOS/nixpkgs/5d6bdbddb4695a62f0d00a3620b37a15275a5093#docker",
      "source": "devbox-search",
      "version": "29.1.2",
      "systems": {
        "aarch64-darwin": {
          "outputs": [
            {
              "name": "out",
              "path": "/nix/store/w8i6dvms1a6gzsrbmb655g1ln9pxrfjb-docker-29.1.2",
              "default": true
            }
          ],
          "store_path": "/nix/store/w8i6dvms1a6gzsrbmb655g1ln9pxrfjb-docker-29.1.2"
        },
        "aarch64-linux": {
          "outputs": [
            {
              "name": "out",
              "path": "/nix/store/w6dgh5ii947jmwjpx2kv1dg6k2fgw6gf-docker-29.1.2",
              "default": true
            }
          ],
          "store_path": "/nix/store/w6dgh5ii947jmwjpx2kv1dg6k2fgw6gf-docker-29.1.2"
        },
        "x86_64-darwin": {
          "outputs": [
            {
              "name": "out",
              "path": "/nix/store/c76dpkkjga0nvgixbyzkybkwdhglxpfk-docker-29.1.2",
              "default": true
            }
          ],
          "store_path": "/nix/store/c76dpkkjga0nvgixbyzkybkwdhglxpfk-docker-29.1.2"
        },
        "x86_64-linux": {
          "outputs": [
            {
              "name": "out",
              "path": "/nix/store/m8yl71lzpgk8f483brfh2nq3vwpr7qln-docker-29.1.2",
              "default": true
            }
          ],
          "store_path": "/nix/store/m8yl71lzpgk8f483brfh2nq3vwpr7qln-docker-29.1.2"
        }
      }
    },
    "git@latest": {
      "last_modified": "2025-12-03T20:43:00Z",
      "resolved": "github:NixOS/nixpkgs/ebc94f855ef25347c314258c10393a92794e7ab9#git",
      "source": "devbox-search",
      "version": "2.51.2",
      "systems": {
        "aarch64-darwin": {
          "outputs": [
            {
              "name": "out",
              "path": "/nix/store/x34bh6s6ighg7lb74nkjbx3nx52zj0j9-git-2.51.2",
              "default": true
            },
            {
              "name": "doc",
              "path": "/nix/store/6wnscv0364r6430qmx33nn927dlw2vnf-git-2.51.2-doc"
            }
          ],
          "store_path": "/nix/store/x34bh6s6ighg7lb74nkjbx3nx52zj0j9-git-2.51.2"
        },
        "aarch64-linux": {
          "outputs": [
            {
              "name": "out",
              "path": "/nix/store/gzdcfmx2p9nvd4z21b6ns00cp4sv1d2h-git-2.51.2",
              "default": true
            },
            {
              "name": "debug",
              "path": "/nix/store/5l5ln59lpi4qv2qm59aqchlz32j9zcm9-git-2.51.2-debug"
            },
            {
              "name": "doc",
              "path": "/nix/store/w28mqxb1bd51f5rwh5127pvbp31lnqmv-git-2.51.2-doc"
            }
          ],
          "store_path": "/nix/store/gzdcfmx2p9nvd4z21b6ns00cp4sv1d2h-git-2.51.2"
        },
        "x86_64-darwin": {
          "outputs": [
            {
              "name": "out",
              "path": "/nix/store/zz5xiyzpnn06cdgw1xnlvs1sbly5247r-git-2.51.2",
              "default": true
            },
            {
              "name": "doc",
              "path": "/nix/store/vrisnm56c5v8mzbv55yrq28wgkvga8nm-git-2.51.2-doc"
            }
          ],
          "store_path": "/nix/store/zz5xiyzpnn06cdgw1xnlvs1sbly5247r-git-2.51.2"
        },
        "x86_64-linux": {
          "outputs": [
            {
              "name": "out",
              "path": "/nix/store/4qhdhmi7pzgad0zfd7c5lsg235mbf9hv-git-2.51.2",
              "default": true
            },
            {
              "name": "debug",
              "path": "/nix/store/pjr2vd588sxa47glfg0ky0df3vk79dcs-git-2.51.2-debug"
            },
            {
              "name": "doc",
              "path": "/nix/store/9k6ivrdddy9s3z1hiwgavl0kfr2czgav-git-2.51.2-doc"
            }
          ],
          "store_path": "/nix/store/4qhdhmi7pzgad0zfd7c5lsg235mbf9hv-git-2.51.2"
        }
      }
    },
    "github:NixOS/nixpkgs/nixpkgs-unstable": {
      "last_modified": "2025-12-13T16:46:16Z",
      "resolved": "github:NixOS/nixpkgs/23735a82a828372c4ef92c660864e82fbe2f5fbe?lastModified=1765644376&narHash=sha256-yqHBL2wYGwjGL2GUF2w3tofWl8qO9tZEuI4wSqbCrtE%3D"
    },
    "go@latest": {
      "last_modified": "2025-11-23T21:50:36Z",
      "resolved": "github:NixOS/nixpkgs/ee09932cedcef15aaf476f9343d1dea2cb77e261#go",
      "source": "devbox-search",
      "version": "1.25.4",
      "systems": {
        "aarch64-darwin": {
          "outputs": [
            {
              "name": "out",
              "path": "/nix/store/52f5kjcmgmvgrz3rij676b3rjmgg5l5g-go-1.25.4",
              "default": true
            }
          ],
          "store_path": "/nix/store/52f5kjcmgmvgrz3rij676b3rjmgg5l5g-go-1.25.4"
        },
        "aarch64-linux": {
          "outputs": [
            {
              "name": "out",
              "path": "/nix/store/2ajrlmz1qdpm9k9ankhnp3973wxg1gqs-go-1.25.4",
              "default": true
            }
          ],
          "store_path": "/nix/store/2ajrlmz1qdpm9k9ankhnp3973wxg1gqs-go-1.25.4"
        },
        "x86_64-darwin": {
          "outputs": [
            {
              "name": "out",
              "path": "/nix/store/1rqpvp45rl4sr1l0czrlbmv8jqj9sa7r-go-1.25.4",
              "default": true
            }
          ],
          "store_path": "/nix/store/1rqpvp45rl4sr1l0czrlbmv8jqj9sa7r-go-1.25.4"
        },
        "x86_64-linux": {
          "outputs": [
            {
              "name": "out",
              "path": "/nix/store/0a3dyfq09dnkw28ap2i450wjimvdmv6s-go-1.25.4",
              "default": true
            }
          ],
          "store_path": "/nix/store/0a3dyfq09dnkw28ap2i450wjimvdmv6s-go-1.25.4"
        }
      }
    },
    "shellcheck@latest": {
      "last_modified": "2025-12-31T03:27:36Z",
      "resolved": "github:NixOS/nixpkgs/f665af0cdb70ed27e1bd8f9fdfecaf451260fc55#shellcheck",
      "source": "devbox-search",
      "version": "0.11.0",
      "systems": {
        "aarch64-darwin": {
          "outputs": [
            {
              "name": "bin",
              "path": "/nix/store/22rnfvy1wm4n4zr9cbwanxmkm5vg1cnn-shellcheck-0.11.0-bin",
              "default": true
            },
            {
              "name": "man",
              "path": "/nix/store/4wfhrpigcmq5aszs7r4s8rb4j184c0a5-shellcheck-0.11.0-man",
              "default": true
            },
            {
              "name": "doc",
              "path": "/nix/store/71x84s3rld408nxm83bsa5w0v5kac5iz-shellcheck-0.11.0-doc",
              "default": true
            },
            {
              "name": "out",
              "path": "/nix/store/lksgvzvfqfsnfa5l59j4i12c6wx8plnc-shellcheck-0.11.0"
            }
          ],
          "store_path": "/nix/store/22rnfvy1wm4n4zr9cbwanxmkm5vg1cnn-shellcheck-0.11.0-bin"
        },
        "aarch64-linux": {
          "outputs": [
            {
              "name": "bin",
              "path": "/nix/store/0szsmrvxqgdzc7a3h404b88dh1b92yfq-shellcheck-0.11.0-bin",
              "default": true
            },
            {
              "name": "man",
              "path": "/nix/store/n2imcx6f0jq64lqypjak972hm8fjb00j-shellcheck-0.11.0-man",
              "default": true
            },
            {
              "name": "doc",
              "path": "/nix/store/r9kxwmmkwwph0z2pr3ci6nr2z8lkimd7-shellcheck-0.11.0-doc",
              "default": true
            },
            {
              "name": "out",
              "path": "/nix/store/vid6b4cc6fiv44pav1j8wpyhax7cp7zy-shellcheck-0.11.0"
            }
          ],
          "store_path": "/nix/store/0szsmrvxqgdzc7a3h404b88dh1b92yfq-shellcheck-0.11.0-bin"
        },
        "x86_64-darwin": {
          "outputs": [
            {
              "name": "bin",
              "path": "/nix/store/2370in8nyacq0p6478xkqnn5579q91d3-shellcheck-0.11.0-bin",
              "default": true
            },
            {
              "name": "man",
              "path": "/nix/store/0kphd9b0r8zihaimp2j693865bz9p6j1-shellcheck-0.11.0-man",
              "default": true
            },
            {
              "name": "doc",
              "path": "/nix/store/dgpqbd1m7hsxpwyd96jv1nyswh5mi3mh-shellcheck-0.11.0-doc",
              "default": true
            },
            {
              "name": "out",
              "path": "/nix/store/xr176mf568d02r89mz7annzhnis0q0p1-shellcheck-0.11.0"
            }
          ],
          "store_path": "/nix/store/2370in8nyacq0p6478xkqnn5579q91d3-shellcheck-0.11.0-bin"
        },
        "x86_64-linux": {
          "outputs": [
            {
              "name": "bin",
              "path": "/nix/store/l78bkxxy8z3bpw24qlay1lrbx9719w8l-shellcheck-0.11.0-bin",
              "default": true
            },
            {
              "name": "man",
              "path": "/nix/store/jrbi4d1wx63dl19yfk29r8dlb0scvlfi-shellcheck-0.11.0-man",
              "default": true
            },
            {
              "name": "doc",
              "path": "/nix/store/qp99jhsnf806fw8fi0msbcicr5gdnpcw-shellcheck-0.11.0-doc",
              "default": true
            },
            {
              "name": "out",
              "path": "/nix/store/yi5ymy8kvi49784xi8d8ig968zciqf4g-shellcheck-0.11.0"
            }
          ],
          "store_path": "/nix/store/l78bkxxy8z3bpw24qlay1lrbx9719w8l-shellcheck-0.11.0-bin"
        }
      }
    },
    "vendir@latest": {
      "last_modified": "2025-11-23T21:50:36Z",
      "resolved": "github:NixOS/nixpkgs/ee09932cedcef15aaf476f9343d1dea2cb77e261#vendir",
      "source": "devbox-search",
      "version": "0.45.0",
      "systems": {
        "aarch64-darwin": {
          "outputs": [
            {
              "name": "out",
              "path": "/nix/store/8b2zf0k82qga1ihq8qd5wbkglv2wak0a-vendir-0.45.0",
              "default": true
            }
          ],
          "store_path": "/nix/store/8b2zf0k82qga1ihq8qd5wbkglv2wak0a-vendir-0.45.0"
        },
        "aarch64-linux": {
          "outputs": [
            {
              "name": "out",
              "path": "/nix/store/y5bacmrnv5qcvwk7lqy62048s76jdrbv-vendir-0.45.0",
              "default": true
            }
          ],
          "store_path": "/nix/store/y5bacmrnv5qcvwk7lqy62048s76jdrbv-vendir-0.45.0"
        },
        "x86_64-darwin": {
          "outputs": [
            {
              "name": "out",
              "path": "/nix/store/blqp9hbyppywwrvd69h7jp573wa2ynxv-vendir-0.45.0",
              "default": true
            }
          ],
          "store_path": "/nix/store/blqp9hbyppywwrvd69h7jp573wa2ynxv-vendir-0.45.0"
        },
        "x86_64-linux": {
          "outputs": [
            {
              "name": "out",
              "path": "/nix/store/fw2wfl80ry7840103br1axh0c7x9x9wn-vendir-0.45.0",
              "default": true
            }
          ],
          "store_path": "/nix/store/fw2wfl80ry7840103br1axh0c7x9x9wn-vendir-0.45.0"
        }
      }
    },
    "ytt@latest": {
      "last_modified": "2025-11-23T21:50:36Z",
      "resolved": "github:NixOS/nixpkgs/ee09932cedcef15aaf476f9343d1dea2cb77e261#ytt",
      "source": "devbox-search",
      "version": "0.52.1",
      "systems": {
        "aarch64-darwin": {
          "outputs": [
            {
              "name": "out",
              "path": "/nix/store/fiaqkvh612lrw0vfc91g393728xpb4j1-ytt-0.52.1",
              "default": true
            }
          ],
          "store_path": "/nix/store/fiaqkvh612lrw0vfc91g393728xpb4j1-ytt-0.52.1"
        },
        "aarch64-linux": {
          "outputs": [
            {
              "name": "out",
              "path": "/nix/store/9sfnsyy072s9am4pi8ivrchh2d9kawnr-ytt-0.52.1",
              "default": true
            }
          ],
          "store_path": "/nix/store/9sfnsyy072s9am4pi8ivrchh2d9kawnr-ytt-0.52.1"
        },
        "x86_64-darwin": {
          "outputs": [
            {
              "name": "out",
              "path": "/nix/store/mkgvsfpz732yrv0xm1ql86czqbl8x1bl-ytt-0.52.1",
              "default": true
            }
          ],
          "store_path": "/nix/store/mkgvsfpz732yrv0xm1ql86czqbl8x1bl-ytt-0.52.1"
        },
        "x86_64-linux": {
          "outputs": [
            {
              "name": "out",
              "path": "/nix/store/6490l0awz8y6hnb0hv5k5vlkl2243vrb-ytt-0.52.1",
              "default": true
            }
          ],
          "store_path": "/nix/store/6490l0awz8y6hnb0hv5k5vlkl2243vrb-ytt-0.52.1"
        }
      }
    }
  }
}
