apiVersion: vendir.k14s.io/v1alpha1
directories:
- contents:
  - git:
      commitTitle: Update cf-deployment manifest version to v53.8.0
      sha: efcb497759b4a223da28f3aa92ba06988ce8c296
      tags:
      - v53.8.0
    path: .
  path: manifests/cf-deployment
- contents:
  - git:
      commitTitle: 'feat: add install-docker.sh for host Docker mode...'
      sha: f587467f3ce1f61225985bce8ae32228775e65fb
    path: .
  path: .github/scripts
kind: LockConfig
